{
	"name": "ipl-overlay-controls",
	"version": "0.0.0",
	"lockfileVersion": 1,
	"requires": true,
	"dependencies": {
		"lastfm": {
			"version": "0.9.3",
			"resolved": "https://registry.npmjs.org/lastfm/-/lastfm-0.9.3.tgz",
			"integrity": "sha512-H/NoLWyRFG2wL+M5HQgQKa9TkAMoedWpY+1aTr0RIOfMnvy5YlBF/VcMYhHycBX2ZH+Vo+Aw6c1yJm6Q9ZMssA==",
			"requires": {
				"underscore": "~1.6.0"
			}
		},
		"underscore": {
			"version": "1.6.0",
			"resolved": "https://registry.npmjs.org/underscore/-/underscore-1.6.0.tgz",
			"integrity": "sha1-izixDKze9jM3uLJOT/htRa6lKag="
		}
	}
}
